
Microsoft Visual Studio Solution File, Format Version 12.00
# Visual Studio 15
Project("{D954291E-2A0B-460D-934E-DC6B0785DB48}") = "testeCTS", "testeCTS\testeCTS.shproj", "{E4F178D7-BFDD-4CAE-9860-2E69C2A874B0}"
EndProject
Project("{FAE04EC0-301F-11D3-BF4B-00C04F79EFBC}") = "testeCTS.Droid", "Droid\testeCTS.Droid.csproj", "{7513831F-FCC9-4B85-94CD-194CB64A4802}"
EndProject
Project("{FAE04EC0-301F-11D3-BF4B-00C04F79EFBC}") = "CT", "CT\CT.csproj", "{CE368A4C-7865-4108-9457-75952D17C127}"
EndProject
Project("{FAE04EC0-301F-11D3-BF4B-00C04F79EFBC}") = "Google.Protobuf", "..\..\Dev\protobuf\csharp\src\Google.Protobuf\Google.Protobuf.csproj", "{E6633745-C957-4E64-8C6C-5692D70CF3CD}"
EndProject
Global
	GlobalSection(SolutionConfigurationPlatforms) = preSolution
		Debug|Any CPU = Debug|Any CPU
		Release|Any CPU = Release|Any CPU
	EndGlobalSection
	GlobalSection(ProjectConfigurationPlatforms) = postSolution
		{7513831F-FCC9-4B85-94CD-194CB64A4802}.Debug|Any CPU.ActiveCfg = Debug|Any CPU
		{7513831F-FCC9-4B85-94CD-194CB64A4802}.Debug|Any CPU.Build.0 = Debug|Any CPU
		{7513831F-FCC9-4B85-94CD-194CB64A4802}.Release|Any CPU.ActiveCfg = Release|Any CPU
		{7513831F-FCC9-4B85-94CD-194CB64A4802}.Release|Any CPU.Build.0 = Release|Any CPU
		{CE368A4C-7865-4108-9457-75952D17C127}.Debug|Any CPU.ActiveCfg = Debug|Any CPU
		{CE368A4C-7865-4108-9457-75952D17C127}.Debug|Any CPU.Build.0 = Debug|Any CPU
		{CE368A4C-7865-4108-9457-75952D17C127}.Release|Any CPU.ActiveCfg = Release|Any CPU
		{CE368A4C-7865-4108-9457-75952D17C127}.Release|Any CPU.Build.0 = Release|Any CPU
		{E6633745-C957-4E64-8C6C-5692D70CF3CD}.Debug|Any CPU.ActiveCfg = Debug|Any CPU
		{E6633745-C957-4E64-8C6C-5692D70CF3CD}.Debug|Any CPU.Build.0 = Debug|Any CPU
		{E6633745-C957-4E64-8C6C-5692D70CF3CD}.Release|Any CPU.ActiveCfg = Release|Any CPU
		{E6633745-C957-4E64-8C6C-5692D70CF3CD}.Release|Any CPU.Build.0 = Release|Any CPU
	EndGlobalSection
EndGlobal
